
Microsoft Visual Studio Solution File, Format Version 12.00
# Visual Studio Version 17
VisualStudioVersion = 17.9.34728.123
MinimumVisualStudioVersion = 10.0.40219.1
Project("{54A90642-561A-4BB1-A94E-469ADEE60C69}") = "reactview", "reactview\reactview.esproj", "{6531FF42-2219-42D1-9E7B-A94A58E003E2}"
EndProject
Project("{9092AA53-FB77-4645-B42D-1CCCA6BD08BD}") = "server", "server\server.njsproj", "{99722904-097D-4899-B656-26F9D31F6B8B}"
EndProject
Global
	GlobalSection(SolutionConfigurationPlatforms) = preSolution
		Debug|Any CPU = Debug|Any CPU
		Release|Any CPU = Release|Any CPU
	EndGlobalSection
	GlobalSection(ProjectConfigurationPlatforms) = postSolution
		{6531FF42-2219-42D1-9E7B-A94A58E003E2}.Debug|Any CPU.ActiveCfg = Debug|Any CPU
		{6531FF42-2219-42D1-9E7B-A94A58E003E2}.Debug|Any CPU.Build.0 = Debug|Any CPU
		{6531FF42-2219-42D1-9E7B-A94A58E003E2}.Debug|Any CPU.Deploy.0 = Debug|Any CPU
		{6531FF42-2219-42D1-9E7B-A94A58E003E2}.Release|Any CPU.ActiveCfg = Release|Any CPU
		{6531FF42-2219-42D1-9E7B-A94A58E003E2}.Release|Any CPU.Build.0 = Release|Any CPU
		{6531FF42-2219-42D1-9E7B-A94A58E003E2}.Release|Any CPU.Deploy.0 = Release|Any CPU
		{99722904-097D-4899-B656-26F9D31F6B8B}.Debug|Any CPU.ActiveCfg = Debug|Any CPU
		{99722904-097D-4899-B656-26F9D31F6B8B}.Debug|Any CPU.Build.0 = Debug|Any CPU
		{99722904-097D-4899-B656-26F9D31F6B8B}.Release|Any CPU.ActiveCfg = Release|Any CPU
		{99722904-097D-4899-B656-26F9D31F6B8B}.Release|Any CPU.Build.0 = Release|Any CPU
	EndGlobalSection
	GlobalSection(SolutionProperties) = preSolution
		HideSolutionNode = FALSE
	EndGlobalSection
	GlobalSection(ExtensibilityGlobals) = postSolution
		SolutionGuid = {B89A42F4-503C-46B2-8BCD-EB3F357F9845}
	EndGlobalSection
EndGlobal
